// !$*UTF8*$!
{
	archiveVersion = 1;
	classes = {
	};
	objectVersion = 46;
	objects = {

/* Begin PBXBuildFile section */
		181B7C031A834379004E83E6 /* AddSquirrelViewController.swift in Sources */ = {isa = PBXBuildFile; fileRef = 181B7C021A834379004E83E6 /* AddSquirrelViewController.swift */; };
		182595281A8E9B050057BEDD /* ChatDetailViewController.swift in Sources */ = {isa = PBXBuildFile; fileRef = 182595271A8E9B050057BEDD /* ChatDetailViewController.swift */; };
		183415B81AAE2ADC0093B4CB /* UserProfileViewController.swift in Sources */ = {isa = PBXBuildFile; fileRef = 183415B71AAE2ADC0093B4CB /* UserProfileViewController.swift */; };
		183415BA1AAE85110093B4CB /* EditProfileViewController.swift in Sources */ = {isa = PBXBuildFile; fileRef = 183415B91AAE85110093B4CB /* EditProfileViewController.swift */; };
		1845611F1ABFAB8D00026473 /* DimmingPresentationViewController.swift in Sources */ = {isa = PBXBuildFile; fileRef = 1845611E1ABFAB8D00026473 /* DimmingPresentationViewController.swift */; };
		184561211ABFCE3100026473 /* GradientView.swift in Sources */ = {isa = PBXBuildFile; fileRef = 184561201ABFCE3100026473 /* GradientView.swift */; };
		184561231ABFD24B00026473 /* BounceAnimationController.swift in Sources */ = {isa = PBXBuildFile; fileRef = 184561221ABFD24B00026473 /* BounceAnimationController.swift */; };
		184ED40A1AC0A07800F82D50 /* ParseUI.framework in Frameworks */ = {isa = PBXBuildFile; fileRef = 184ED4091AC0A07800F82D50 /* ParseUI.framework */; };
		184ED40C1AC0A29A00F82D50 /* SquirrelViewController.swift in Sources */ = {isa = PBXBuildFile; fileRef = 184ED40B1AC0A29A00F82D50 /* SquirrelViewController.swift */; };
		18625C571AC33DA100093A1B /* MoreViewController.swift in Sources */ = {isa = PBXBuildFile; fileRef = 18625C561AC33DA100093A1B /* MoreViewController.swift */; };
		18625C591AC3610E00093A1B /* TradeOfferViewController.swift in Sources */ = {isa = PBXBuildFile; fileRef = 18625C581AC3610E00093A1B /* TradeOfferViewController.swift */; };
		186B32E21A758E5000A8D4CB /* AppDelegate.swift in Sources */ = {isa = PBXBuildFile; fileRef = 186B32E11A758E5000A8D4CB /* AppDelegate.swift */; };
		186B32E91A758E5000A8D4CB /* Main.storyboard in Resources */ = {isa = PBXBuildFile; fileRef = 186B32E71A758E5000A8D4CB /* Main.storyboard */; };
		186B32EB1A758E5000A8D4CB /* Images.xcassets in Resources */ = {isa = PBXBuildFile; fileRef = 186B32EA1A758E5000A8D4CB /* Images.xcassets */; };
		186B32EE1A758E5000A8D4CB /* LaunchScreen.xib in Resources */ = {isa = PBXBuildFile; fileRef = 186B32EC1A758E5000A8D4CB /* LaunchScreen.xib */; };
		186B33051A758EB400A8D4CB /* Bolts.framework in Frameworks */ = {isa = PBXBuildFile; fileRef = 186B33031A758EB400A8D4CB /* Bolts.framework */; };
		186B33061A758EB400A8D4CB /* Parse.framework in Frameworks */ = {isa = PBXBuildFile; fileRef = 186B33041A758EB400A8D4CB /* Parse.framework */; };
		186B33081A758F7E00A8D4CB /* AudioToolbox.framework in Frameworks */ = {isa = PBXBuildFile; fileRef = 186B33071A758F7E00A8D4CB /* AudioToolbox.framework */; };
		186B330A1A758F8800A8D4CB /* CFNetwork.framework in Frameworks */ = {isa = PBXBuildFile; fileRef = 186B33091A758F8800A8D4CB /* CFNetwork.framework */; };
		186B330C1A758F9300A8D4CB /* CoreGraphics.framework in Frameworks */ = {isa = PBXBuildFile; fileRef = 186B330B1A758F9300A8D4CB /* CoreGraphics.framework */; };
		186B330E1A758F9E00A8D4CB /* CoreLocation.framework in Frameworks */ = {isa = PBXBuildFile; fileRef = 186B330D1A758F9E00A8D4CB /* CoreLocation.framework */; };
		186B33101A758FA800A8D4CB /* MobileCoreServices.framework in Frameworks */ = {isa = PBXBuildFile; fileRef = 186B330F1A758FA800A8D4CB /* MobileCoreServices.framework */; };
		186B33121A758FB100A8D4CB /* QuartzCore.framework in Frameworks */ = {isa = PBXBuildFile; fileRef = 186B33111A758FB100A8D4CB /* QuartzCore.framework */; };
		186B33141A758FBC00A8D4CB /* Security.framework in Frameworks */ = {isa = PBXBuildFile; fileRef = 186B33131A758FBC00A8D4CB /* Security.framework */; };
		186B33161A758FC600A8D4CB /* StoreKit.framework in Frameworks */ = {isa = PBXBuildFile; fileRef = 186B33151A758FC600A8D4CB /* StoreKit.framework */; };
		186B33181A758FCF00A8D4CB /* SystemConfiguration.framework in Frameworks */ = {isa = PBXBuildFile; fileRef = 186B33171A758FCF00A8D4CB /* SystemConfiguration.framework */; };
		186B331A1A758FDA00A8D4CB /* libz.dylib in Frameworks */ = {isa = PBXBuildFile; fileRef = 186B33191A758FDA00A8D4CB /* libz.dylib */; };
		186B331C1A758FE500A8D4CB /* libsqlite3.dylib in Frameworks */ = {isa = PBXBuildFile; fileRef = 186B331B1A758FE500A8D4CB /* libsqlite3.dylib */; };
		186B33211A75AE7600A8D4CB /* RegisterLoginViewController.swift in Sources */ = {isa = PBXBuildFile; fileRef = 186B33201A75AE7600A8D4CB /* RegisterLoginViewController.swift */; };
		187960D21AB6732400538306 /* NotificationsViewController.swift in Sources */ = {isa = PBXBuildFile; fileRef = 187960D11AB6732400538306 /* NotificationsViewController.swift */; };
		18921EB71A9C3A9E00D8F012 /* SquirrelTableViewCell.swift in Sources */ = {isa = PBXBuildFile; fileRef = 18921EB51A9C3A9E00D8F012 /* SquirrelTableViewCell.swift */; };
		18921EB81A9C3A9E00D8F012 /* SquirrelTableViewCell.xib in Resources */ = {isa = PBXBuildFile; fileRef = 18921EB61A9C3A9E00D8F012 /* SquirrelTableViewCell.xib */; };
		18D2466B1AC5E39F003D560A /* UserSquirrelsPopUpViewController.swift in Sources */ = {isa = PBXBuildFile; fileRef = 18D2466A1AC5E39F003D560A /* UserSquirrelsPopUpViewController.swift */; };
		18D4DF991AC0FFB900C55E48 /* UsersViewController.swift in Sources */ = {isa = PBXBuildFile; fileRef = 18D4DF981AC0FFB900C55E48 /* UsersViewController.swift */; };
		18D4DF9B1AC1065F00C55E48 /* PopUpViewController.swift in Sources */ = {isa = PBXBuildFile; fileRef = 18D4DF9A1AC1065F00C55E48 /* PopUpViewController.swift */; };
		18D4DF9D1AC1335800C55E48 /* SquirrelDetailViewController.swift in Sources */ = {isa = PBXBuildFile; fileRef = 18D4DF9C1AC1335800C55E48 /* SquirrelDetailViewController.swift */; };
		18D4DF9F1AC246E100C55E48 /* TradeViewController.swift in Sources */ = {isa = PBXBuildFile; fileRef = 18D4DF9E1AC246E100C55E48 /* TradeViewController.swift */; };
		18E4FEFE1A78C77F001E7028 /* HomeTabViewController.swift in Sources */ = {isa = PBXBuildFile; fileRef = 18E4FEFD1A78C77F001E7028 /* HomeTabViewController.swift */; };
/* End PBXBuildFile section */

/* Begin PBXFileReference section */
		181B7C021A834379004E83E6 /* AddSquirrelViewController.swift */ = {isa = PBXFileReference; fileEncoding = 4; lastKnownFileType = sourcecode.swift; path = AddSquirrelViewController.swift; sourceTree = "<group>"; };
		182595271A8E9B050057BEDD /* ChatDetailViewController.swift */ = {isa = PBXFileReference; fileEncoding = 4; lastKnownFileType = sourcecode.swift; path = ChatDetailViewController.swift; sourceTree = "<group>"; };
		183415B71AAE2ADC0093B4CB /* UserProfileViewController.swift */ = {isa = PBXFileReference; fileEncoding = 4; lastKnownFileType = sourcecode.swift; path = UserProfileViewController.swift; sourceTree = "<group>"; };
		183415B91AAE85110093B4CB /* EditProfileViewController.swift */ = {isa = PBXFileReference; fileEncoding = 4; lastKnownFileType = sourcecode.swift; path = EditProfileViewController.swift; sourceTree = "<group>"; };
		1845611B1ABE417100026473 /* SquirrelList.app */ = {isa = PBXFileReference; explicitFileType = wrapper.application; includeInIndex = 0; path = SquirrelList.app; sourceTree = BUILT_PRODUCTS_DIR; };
		1845611E1ABFAB8D00026473 /* DimmingPresentationViewController.swift */ = {isa = PBXFileReference; fileEncoding = 4; lastKnownFileType = sourcecode.swift; path = DimmingPresentationViewController.swift; sourceTree = "<group>"; };
		184561201ABFCE3100026473 /* GradientView.swift */ = {isa = PBXFileReference; fileEncoding = 4; lastKnownFileType = sourcecode.swift; path = GradientView.swift; sourceTree = "<group>"; };
		184561221ABFD24B00026473 /* BounceAnimationController.swift */ = {isa = PBXFileReference; fileEncoding = 4; lastKnownFileType = sourcecode.swift; path = BounceAnimationController.swift; sourceTree = "<group>"; };
		184ED4091AC0A07800F82D50 /* ParseUI.framework */ = {isa = PBXFileReference; lastKnownFileType = wrapper.framework; path = ParseUI.framework; sourceTree = "<group>"; };
		184ED40B1AC0A29A00F82D50 /* SquirrelViewController.swift */ = {isa = PBXFileReference; fileEncoding = 4; lastKnownFileType = sourcecode.swift; path = SquirrelViewController.swift; sourceTree = "<group>"; };
		18625C561AC33DA100093A1B /* MoreViewController.swift */ = {isa = PBXFileReference; fileEncoding = 4; lastKnownFileType = sourcecode.swift; path = MoreViewController.swift; sourceTree = "<group>"; };
		18625C581AC3610E00093A1B /* TradeOfferViewController.swift */ = {isa = PBXFileReference; fileEncoding = 4; lastKnownFileType = sourcecode.swift; name = TradeOfferViewController.swift; path = ../TradeOfferViewController.swift; sourceTree = "<group>"; };
		186B32E01A758E5000A8D4CB /* Info.plist */ = {isa = PBXFileReference; lastKnownFileType = text.plist.xml; path = Info.plist; sourceTree = "<group>"; };
		186B32E11A758E5000A8D4CB /* AppDelegate.swift */ = {isa = PBXFileReference; lastKnownFileType = sourcecode.swift; path = AppDelegate.swift; sourceTree = "<group>"; };
		186B32E81A758E5000A8D4CB /* Base */ = {isa = PBXFileReference; lastKnownFileType = file.storyboard; name = Base; path = Base.lproj/Main.storyboard; sourceTree = "<group>"; };
		186B32EA1A758E5000A8D4CB /* Images.xcassets */ = {isa = PBXFileReference; lastKnownFileType = folder.assetcatalog; path = Images.xcassets; sourceTree = "<group>"; };
		186B32ED1A758E5000A8D4CB /* Base */ = {isa = PBXFileReference; lastKnownFileType = file.xib; name = Base; path = Base.lproj/LaunchScreen.xib; sourceTree = "<group>"; };
		186B33031A758EB400A8D4CB /* Bolts.framework */ = {isa = PBXFileReference; lastKnownFileType = wrapper.framework; path = Bolts.framework; sourceTree = "<group>"; };
		186B33041A758EB400A8D4CB /* Parse.framework */ = {isa = PBXFileReference; lastKnownFileType = wrapper.framework; path = Parse.framework; sourceTree = "<group>"; };
		186B33071A758F7E00A8D4CB /* AudioToolbox.framework */ = {isa = PBXFileReference; lastKnownFileType = wrapper.framework; name = AudioToolbox.framework; path = System/Library/Frameworks/AudioToolbox.framework; sourceTree = SDKROOT; };
		186B33091A758F8800A8D4CB /* CFNetwork.framework */ = {isa = PBXFileReference; lastKnownFileType = wrapper.framework; name = CFNetwork.framework; path = System/Library/Frameworks/CFNetwork.framework; sourceTree = SDKROOT; };
		186B330B1A758F9300A8D4CB /* CoreGraphics.framework */ = {isa = PBXFileReference; lastKnownFileType = wrapper.framework; name = CoreGraphics.framework; path = System/Library/Frameworks/CoreGraphics.framework; sourceTree = SDKROOT; };
		186B330D1A758F9E00A8D4CB /* CoreLocation.framework */ = {isa = PBXFileReference; lastKnownFileType = wrapper.framework; name = CoreLocation.framework; path = System/Library/Frameworks/CoreLocation.framework; sourceTree = SDKROOT; };
		186B330F1A758FA800A8D4CB /* MobileCoreServices.framework */ = {isa = PBXFileReference; lastKnownFileType = wrapper.framework; name = MobileCoreServices.framework; path = System/Library/Frameworks/MobileCoreServices.framework; sourceTree = SDKROOT; };
		186B33111A758FB100A8D4CB /* QuartzCore.framework */ = {isa = PBXFileReference; lastKnownFileType = wrapper.framework; name = QuartzCore.framework; path = System/Library/Frameworks/QuartzCore.framework; sourceTree = SDKROOT; };
		186B33131A758FBC00A8D4CB /* Security.framework */ = {isa = PBXFileReference; lastKnownFileType = wrapper.framework; name = Security.framework; path = System/Library/Frameworks/Security.framework; sourceTree = SDKROOT; };
		186B33151A758FC600A8D4CB /* StoreKit.framework */ = {isa = PBXFileReference; lastKnownFileType = wrapper.framework; name = StoreKit.framework; path = System/Library/Frameworks/StoreKit.framework; sourceTree = SDKROOT; };
		186B33171A758FCF00A8D4CB /* SystemConfiguration.framework */ = {isa = PBXFileReference; lastKnownFileType = wrapper.framework; name = SystemConfiguration.framework; path = System/Library/Frameworks/SystemConfiguration.framework; sourceTree = SDKROOT; };
		186B33191A758FDA00A8D4CB /* libz.dylib */ = {isa = PBXFileReference; lastKnownFileType = "compiled.mach-o.dylib"; name = libz.dylib; path = usr/lib/libz.dylib; sourceTree = SDKROOT; };
		186B331B1A758FE500A8D4CB /* libsqlite3.dylib */ = {isa = PBXFileReference; lastKnownFileType = "compiled.mach-o.dylib"; name = libsqlite3.dylib; path = usr/lib/libsqlite3.dylib; sourceTree = SDKROOT; };
		186B331D1A75908400A8D4CB /* SquirelList-Bridging-Header.h */ = {isa = PBXFileReference; lastKnownFileType = sourcecode.c.h; path = "SquirelList-Bridging-Header.h"; sourceTree = "<group>"; };
		186B33201A75AE7600A8D4CB /* RegisterLoginViewController.swift */ = {isa = PBXFileReference; fileEncoding = 4; lastKnownFileType = sourcecode.swift; path = RegisterLoginViewController.swift; sourceTree = "<group>"; };
		187960D11AB6732400538306 /* NotificationsViewController.swift */ = {isa = PBXFileReference; fileEncoding = 4; lastKnownFileType = sourcecode.swift; path = NotificationsViewController.swift; sourceTree = "<group>"; };
		18921EB51A9C3A9E00D8F012 /* SquirrelTableViewCell.swift */ = {isa = PBXFileReference; fileEncoding = 4; lastKnownFileType = sourcecode.swift; name = SquirrelTableViewCell.swift; path = ../SquirrelTableViewCell.swift; sourceTree = "<group>"; };
		18921EB61A9C3A9E00D8F012 /* SquirrelTableViewCell.xib */ = {isa = PBXFileReference; fileEncoding = 4; lastKnownFileType = file.xib; name = SquirrelTableViewCell.xib; path = ../SquirrelTableViewCell.xib; sourceTree = "<group>"; };
		18D2466A1AC5E39F003D560A /* UserSquirrelsPopUpViewController.swift */ = {isa = PBXFileReference; fileEncoding = 4; lastKnownFileType = sourcecode.swift; path = UserSquirrelsPopUpViewController.swift; sourceTree = "<group>"; };
		18D4DF981AC0FFB900C55E48 /* UsersViewController.swift */ = {isa = PBXFileReference; fileEncoding = 4; lastKnownFileType = sourcecode.swift; path = UsersViewController.swift; sourceTree = "<group>"; };
		18D4DF9A1AC1065F00C55E48 /* PopUpViewController.swift */ = {isa = PBXFileReference; fileEncoding = 4; lastKnownFileType = sourcecode.swift; path = PopUpViewController.swift; sourceTree = "<group>"; };
		18D4DF9C1AC1335800C55E48 /* SquirrelDetailViewController.swift */ = {isa = PBXFileReference; fileEncoding = 4; lastKnownFileType = sourcecode.swift; path = SquirrelDetailViewController.swift; sourceTree = "<group>"; };
		18D4DF9E1AC246E100C55E48 /* TradeViewController.swift */ = {isa = PBXFileReference; fileEncoding = 4; lastKnownFileType = sourcecode.swift; path = TradeViewController.swift; sourceTree = "<group>"; };
		18E4FEFD1A78C77F001E7028 /* HomeTabViewController.swift */ = {isa = PBXFileReference; fileEncoding = 4; lastKnownFileType = sourcecode.swift; path = HomeTabViewController.swift; sourceTree = "<group>"; };
/* End PBXFileReference section */

/* Begin PBXFrameworksBuildPhase section */
		186B32D91A758E5000A8D4CB /* Frameworks */ = {
			isa = PBXFrameworksBuildPhase;
			buildActionMask = 2147483647;
			files = (
				186B331C1A758FE500A8D4CB /* libsqlite3.dylib in Frameworks */,
				186B331A1A758FDA00A8D4CB /* libz.dylib in Frameworks */,
				184ED40A1AC0A07800F82D50 /* ParseUI.framework in Frameworks */,
				186B33181A758FCF00A8D4CB /* SystemConfiguration.framework in Frameworks */,
				186B33161A758FC600A8D4CB /* StoreKit.framework in Frameworks */,
				186B33141A758FBC00A8D4CB /* Security.framework in Frameworks */,
				186B33121A758FB100A8D4CB /* QuartzCore.framework in Frameworks */,
				186B33101A758FA800A8D4CB /* MobileCoreServices.framework in Frameworks */,
				186B330E1A758F9E00A8D4CB /* CoreLocation.framework in Frameworks */,
				186B330C1A758F9300A8D4CB /* CoreGraphics.framework in Frameworks */,
				186B330A1A758F8800A8D4CB /* CFNetwork.framework in Frameworks */,
				186B33081A758F7E00A8D4CB /* AudioToolbox.framework in Frameworks */,
				186B33061A758EB400A8D4CB /* Parse.framework in Frameworks */,
				186B33051A758EB400A8D4CB /* Bolts.framework in Frameworks */,
			);
			runOnlyForDeploymentPostprocessing = 0;
		};
/* End PBXFrameworksBuildPhase section */

/* Begin PBXGroup section */
		186B32D31A758E5000A8D4CB = {
			isa = PBXGroup;
			children = (
				186B32DE1A758E5000A8D4CB /* SquirrelList */,
				1845611B1ABE417100026473 /* SquirrelList.app */,
			);
			sourceTree = "<group>";
		};
		186B32DE1A758E5000A8D4CB /* SquirrelList */ = {
			isa = PBXGroup;
			children = (
				186B331D1A75908400A8D4CB /* SquirelList-Bridging-Header.h */,
				181B7C021A834379004E83E6 /* AddSquirrelViewController.swift */,
				186B32E11A758E5000A8D4CB /* AppDelegate.swift */,
				184561221ABFD24B00026473 /* BounceAnimationController.swift */,
				182595271A8E9B050057BEDD /* ChatDetailViewController.swift */,
				1845611E1ABFAB8D00026473 /* DimmingPresentationViewController.swift */,
				183415B91AAE85110093B4CB /* EditProfileViewController.swift */,
				184561201ABFCE3100026473 /* GradientView.swift */,
				18E4FEFD1A78C77F001E7028 /* HomeTabViewController.swift */,
				18625C561AC33DA100093A1B /* MoreViewController.swift */,
				187960D11AB6732400538306 /* NotificationsViewController.swift */,
				18D4DF9A1AC1065F00C55E48 /* PopUpViewController.swift */,
				186B33201A75AE7600A8D4CB /* RegisterLoginViewController.swift */,
				18D4DF9C1AC1335800C55E48 /* SquirrelDetailViewController.swift */,
				18921EB51A9C3A9E00D8F012 /* SquirrelTableViewCell.swift */,
				184ED40B1AC0A29A00F82D50 /* SquirrelViewController.swift */,
				18625C581AC3610E00093A1B /* TradeOfferViewController.swift */,
				18D4DF9E1AC246E100C55E48 /* TradeViewController.swift */,
				183415B71AAE2ADC0093B4CB /* UserProfileViewController.swift */,
				18D2466A1AC5E39F003D560A /* UserSquirrelsPopUpViewController.swift */,
				18D4DF981AC0FFB900C55E48 /* UsersViewController.swift */,
				186B32EA1A758E5000A8D4CB /* Images.xcassets */,
				18921EB61A9C3A9E00D8F012 /* SquirrelTableViewCell.xib */,
				186B32EC1A758E5000A8D4CB /* LaunchScreen.xib */,
				186B32E71A758E5000A8D4CB /* Main.storyboard */,
				186B32DF1A758E5000A8D4CB /* Supporting Files */,
			);
			path = SquirrelList;
			sourceTree = "<group>";
		};
		186B32DF1A758E5000A8D4CB /* Supporting Files */ = {
			isa = PBXGroup;
			children = (
				186B331B1A758FE500A8D4CB /* libsqlite3.dylib */,
				186B33191A758FDA00A8D4CB /* libz.dylib */,
				184ED4091AC0A07800F82D50 /* ParseUI.framework */,
				186B33171A758FCF00A8D4CB /* SystemConfiguration.framework */,
				186B33151A758FC600A8D4CB /* StoreKit.framework */,
				186B33131A758FBC00A8D4CB /* Security.framework */,
				186B33111A758FB100A8D4CB /* QuartzCore.framework */,
				186B330F1A758FA800A8D4CB /* MobileCoreServices.framework */,
				186B330D1A758F9E00A8D4CB /* CoreLocation.framework */,
				186B330B1A758F9300A8D4CB /* CoreGraphics.framework */,
				186B33091A758F8800A8D4CB /* CFNetwork.framework */,
				186B33071A758F7E00A8D4CB /* AudioToolbox.framework */,
				186B33031A758EB400A8D4CB /* Bolts.framework */,
				186B33041A758EB400A8D4CB /* Parse.framework */,
				186B32E01A758E5000A8D4CB /* Info.plist */,
			);
			name = "Supporting Files";
			sourceTree = "<group>";
		};
/* End PBXGroup section */

/* Begin PBXNativeTarget section */
		186B32DB1A758E5000A8D4CB /* SquirrelList */ = {
			isa = PBXNativeTarget;
			buildConfigurationList = 186B32FD1A758E5000A8D4CB /* Build configuration list for PBXNativeTarget "SquirrelList" */;
			buildPhases = (
				186B32D81A758E5000A8D4CB /* Sources */,
				186B32D91A758E5000A8D4CB /* Frameworks */,
				186B32DA1A758E5000A8D4CB /* Resources */,
			);
			buildRules = (
			);
			dependencies = (
			);
			name = SquirrelList;
			productName = SquirelList;
			productReference = 1845611B1ABE417100026473 /* SquirrelList.app */;
			productType = "com.apple.product-type.application";
		};
/* End PBXNativeTarget section */

/* Begin PBXProject section */
		186B32D41A758E5000A8D4CB /* Project object */ = {
			isa = PBXProject;
			attributes = {
				LastUpgradeCheck = 0610;
				ORGANIZATIONNAME = "Frenvu Inc.";
				TargetAttributes = {
					186B32DB1A758E5000A8D4CB = {
						CreatedOnToolsVersion = 6.1.1;
						DevelopmentTeam = PNMSTTGB8C;
					};
				};
			};
			buildConfigurationList = 186B32D71A758E5000A8D4CB /* Build configuration list for PBXProject "SquirrelList" */;
			compatibilityVersion = "Xcode 3.2";
			developmentRegion = English;
			hasScannedForEncodings = 0;
			knownRegions = (
				en,
				Base,
			);
			mainGroup = 186B32D31A758E5000A8D4CB;
			productRefGroup = 186B32D31A758E5000A8D4CB;
			projectDirPath = "";
			projectRoot = "";
			targets = (
				186B32DB1A758E5000A8D4CB /* SquirrelList */,
			);
		};
/* End PBXProject section */

/* Begin PBXResourcesBuildPhase section */
		186B32DA1A758E5000A8D4CB /* Resources */ = {
			isa = PBXResourcesBuildPhase;
			buildActionMask = 2147483647;
			files = (
				18921EB81A9C3A9E00D8F012 /* SquirrelTableViewCell.xib in Resources */,
				186B32E91A758E5000A8D4CB /* Main.storyboard in Resources */,
				186B32EE1A758E5000A8D4CB /* LaunchScreen.xib in Resources */,
				186B32EB1A758E5000A8D4CB /* Images.xcassets in Resources */,
			);
			runOnlyForDeploymentPostprocessing = 0;
		};
/* End PBXResourcesBuildPhase section */

/* Begin PBXSourcesBuildPhase section */
		186B32D81A758E5000A8D4CB /* Sources */ = {
			isa = PBXSourcesBuildPhase;
			buildActionMask = 2147483647;
			files = (
				183415BA1AAE85110093B4CB /* EditProfileViewController.swift in Sources */,
				183415B81AAE2ADC0093B4CB /* UserProfileViewController.swift in Sources */,
				18E4FEFE1A78C77F001E7028 /* HomeTabViewController.swift in Sources */,
				187960D21AB6732400538306 /* NotificationsViewController.swift in Sources */,
				18D2466B1AC5E39F003D560A /* UserSquirrelsPopUpViewController.swift in Sources */,
				186B32E21A758E5000A8D4CB /* AppDelegate.swift in Sources */,
				184ED40C1AC0A29A00F82D50 /* SquirrelViewController.swift in Sources */,
				18625C591AC3610E00093A1B /* TradeOfferViewController.swift in Sources */,
				18921EB71A9C3A9E00D8F012 /* SquirrelTableViewCell.swift in Sources */,
				182595281A8E9B050057BEDD /* ChatDetailViewController.swift in Sources */,
				186B33211A75AE7600A8D4CB /* RegisterLoginViewController.swift in Sources */,
				184561211ABFCE3100026473 /* GradientView.swift in Sources */,
				18D4DF9B1AC1065F00C55E48 /* PopUpViewController.swift in Sources */,
				18625C571AC33DA100093A1B /* MoreViewController.swift in Sources */,
				18D4DF9F1AC246E100C55E48 /* TradeViewController.swift in Sources */,
				1845611F1ABFAB8D00026473 /* DimmingPresentationViewController.swift in Sources */,
				181B7C031A834379004E83E6 /* AddSquirrelViewController.swift in Sources */,
				184561231ABFD24B00026473 /* BounceAnimationController.swift in Sources */,
				18D4DF991AC0FFB900C55E48 /* UsersViewController.swift in Sources */,
				18D4DF9D1AC1335800C55E48 /* SquirrelDetailViewController.swift in Sources */,
			);
			runOnlyForDeploymentPostprocessing = 0;
		};
/* End PBXSourcesBuildPhase section */

/* Begin PBXVariantGroup section */
		186B32E71A758E5000A8D4CB /* Main.storyboard */ = {
			isa = PBXVariantGroup;
			children = (
				186B32E81A758E5000A8D4CB /* Base */,
			);
			name = Main.storyboard;
			sourceTree = "<group>";
		};
		186B32EC1A758E5000A8D4CB /* LaunchScreen.xib */ = {
			isa = PBXVariantGroup;
			children = (
				186B32ED1A758E5000A8D4CB /* Base */,
			);
			name = LaunchScreen.xib;
			sourceTree = "<group>";
		};
/* End PBXVariantGroup section */

/* Begin XCBuildConfiguration section */
		186B32FB1A758E5000A8D4CB /* Debug */ = {
			isa = XCBuildConfiguration;
			buildSettings = {
				ALWAYS_SEARCH_USER_PATHS = NO;
				CLANG_CXX_LANGUAGE_STANDARD = "gnu++0x";
				CLANG_CXX_LIBRARY = "libc++";
				CLANG_ENABLE_MODULES = YES;
				CLANG_ENABLE_OBJC_ARC = YES;
				CLANG_WARN_BOOL_CONVERSION = YES;
				CLANG_WARN_CONSTANT_CONVERSION = YES;
				CLANG_WARN_DIRECT_OBJC_ISA_USAGE = YES_ERROR;
				CLANG_WARN_EMPTY_BODY = YES;
				CLANG_WARN_ENUM_CONVERSION = YES;
				CLANG_WARN_INT_CONVERSION = YES;
				CLANG_WARN_OBJC_ROOT_CLASS = YES_ERROR;
				CLANG_WARN_UNREACHABLE_CODE = YES;
				CLANG_WARN__DUPLICATE_METHOD_MATCH = YES;
				"CODE_SIGN_IDENTITY[sdk=iphoneos*]" = "iPhone Developer";
				COPY_PHASE_STRIP = NO;
				ENABLE_STRICT_OBJC_MSGSEND = YES;
				GCC_C_LANGUAGE_STANDARD = gnu99;
				GCC_DYNAMIC_NO_PIC = NO;
				GCC_OPTIMIZATION_LEVEL = 0;
				GCC_PREPROCESSOR_DEFINITIONS = (
					"DEBUG=1",
					"$(inherited)",
				);
				GCC_SYMBOLS_PRIVATE_EXTERN = NO;
				GCC_WARN_64_TO_32_BIT_CONVERSION = YES;
				GCC_WARN_ABOUT_RETURN_TYPE = YES_ERROR;
				GCC_WARN_UNDECLARED_SELECTOR = YES;
				GCC_WARN_UNINITIALIZED_AUTOS = YES_AGGRESSIVE;
				GCC_WARN_UNUSED_FUNCTION = YES;
				GCC_WARN_UNUSED_VARIABLE = YES;
				IPHONEOS_DEPLOYMENT_TARGET = 8.1;
				MTL_ENABLE_DEBUG_INFO = YES;
				ONLY_ACTIVE_ARCH = YES;
				SDKROOT = iphoneos;
				SWIFT_OPTIMIZATION_LEVEL = "-Onone";
				TEST_HOST = "";
			};
			name = Debug;
		};
		186B32FC1A758E5000A8D4CB /* Release */ = {
			isa = XCBuildConfiguration;
			buildSettings = {
				ALWAYS_SEARCH_USER_PATHS = NO;
				CLANG_CXX_LANGUAGE_STANDARD = "gnu++0x";
				CLANG_CXX_LIBRARY = "libc++";
				CLANG_ENABLE_MODULES = YES;
				CLANG_ENABLE_OBJC_ARC = YES;
				CLANG_WARN_BOOL_CONVERSION = YES;
				CLANG_WARN_CONSTANT_CONVERSION = YES;
				CLANG_WARN_DIRECT_OBJC_ISA_USAGE = YES_ERROR;
				CLANG_WARN_EMPTY_BODY = YES;
				CLANG_WARN_ENUM_CONVERSION = YES;
				CLANG_WARN_INT_CONVERSION = YES;
				CLANG_WARN_OBJC_ROOT_CLASS = YES_ERROR;
				CLANG_WARN_UNREACHABLE_CODE = YES;
				CLANG_WARN__DUPLICATE_METHOD_MATCH = YES;
				"CODE_SIGN_IDENTITY[sdk=iphoneos*]" = "iPhone Developer";
				COPY_PHASE_STRIP = YES;
				ENABLE_NS_ASSERTIONS = NO;
				ENABLE_STRICT_OBJC_MSGSEND = YES;
				GCC_C_LANGUAGE_STANDARD = gnu99;
				GCC_WARN_64_TO_32_BIT_CONVERSION = YES;
				GCC_WARN_ABOUT_RETURN_TYPE = YES_ERROR;
				GCC_WARN_UNDECLARED_SELECTOR = YES;
				GCC_WARN_UNINITIALIZED_AUTOS = YES_AGGRESSIVE;
				GCC_WARN_UNUSED_FUNCTION = YES;
				GCC_WARN_UNUSED_VARIABLE = YES;
				IPHONEOS_DEPLOYMENT_TARGET = 8.1;
				MTL_ENABLE_DEBUG_INFO = NO;
				SDKROOT = iphoneos;
				VALIDATE_PRODUCT = YES;
			};
			name = Release;
		};
		186B32FE1A758E5000A8D4CB /* Debug */ = {
			isa = XCBuildConfiguration;
			buildSettings = {
				ASSETCATALOG_COMPILER_APPICON_NAME = AppIcon;
				ASSETCATALOG_COMPILER_LAUNCHIMAGE_NAME = LaunchImage;
				CLANG_ENABLE_MODULES = YES;
				CODE_SIGN_IDENTITY = "iPhone Developer";
				"CODE_SIGN_IDENTITY[sdk=iphoneos*]" = "iPhone Developer";
				FRAMEWORK_SEARCH_PATHS = (
					"$(inherited)",
					"$(PROJECT_DIR)/SquirrelList",
				);
				INFOPLIST_FILE = SquirrelList/Info.plist;
				IPHONEOS_DEPLOYMENT_TARGET = 7.0;
				LD_RUNPATH_SEARCH_PATHS = "$(inherited) @executable_path/Frameworks";
				PRODUCT_NAME = SquirrelList;
				PROVISIONING_PROFILE = "";
				SWIFT_OBJC_BRIDGING_HEADER = "SquirrelList/SquirelList-Bridging-Header.h";
				SWIFT_OPTIMIZATION_LEVEL = "-Onone";
				"TEST_HOST[sdk=*]" = "";
			};
			name = Debug;
		};
		186B32FF1A758E5000A8D4CB /* Release */ = {
			isa = XCBuildConfiguration;
			buildSettings = {
				ASSETCATALOG_COMPILER_APPICON_NAME = AppIcon;
				ASSETCATALOG_COMPILER_LAUNCHIMAGE_NAME = LaunchImage;
				CLANG_ENABLE_MODULES = YES;
				CODE_SIGN_IDENTITY = "iPhone Developer";
				"CODE_SIGN_IDENTITY[sdk=iphoneos*]" = "iPhone Developer";
				FRAMEWORK_SEARCH_PATHS = (
					"$(inherited)",
					"$(PROJECT_DIR)/SquirrelList",
				);
				INFOPLIST_FILE = SquirrelList/Info.plist;
				IPHONEOS_DEPLOYMENT_TARGET = 7.0;
				LD_RUNPATH_SEARCH_PATHS = "$(inherited) @executable_path/Frameworks";
				PRODUCT_NAME = SquirrelList;
				PROVISIONING_PROFILE = "";
				SWIFT_OBJC_BRIDGING_HEADER = "SquirrelList/SquirelList-Bridging-Header.h";
			};
			name = Release;
		};
/* End XCBuildConfiguration section */

/* Begin XCConfigurationList section */
		186B32D71A758E5000A8D4CB /* Build configuration list for PBXProject "SquirrelList" */ = {
			isa = XCConfigurationList;
			buildConfigurations = (
				186B32FB1A758E5000A8D4CB /* Debug */,
				186B32FC1A758E5000A8D4CB /* Release */,
			);
			defaultConfigurationIsVisible = 0;
			defaultConfigurationName = Release;
		};
		186B32FD1A758E5000A8D4CB /* Build configuration list for PBXNativeTarget "SquirrelList" */ = {
			isa = XCConfigurationList;
			buildConfigurations = (
				186B32FE1A758E5000A8D4CB /* Debug */,
				186B32FF1A758E5000A8D4CB /* Release */,
			);
			defaultConfigurationIsVisible = 0;
			defaultConfigurationName = Release;
		};
/* End XCConfigurationList section */
	};
	rootObject = 186B32D41A758E5000A8D4CB /* Project object */;
}
