// !$*UTF8*$!
{
	archiveVersion = 1;
	classes = {
	};
	objectVersion = 46;
	objects = {

/* Begin PBXBuildFile section */
		181B7C031A834379004E83E6 /* AddSquirrelViewController.swift in Sources */ = {isa = PBXBuildFile; fileRef = 181B7C021A834379004E83E6 /* AddSquirrelViewController.swift */; };
		186B32E21A758E5000A8D4CB /* AppDelegate.swift in Sources */ = {isa = PBXBuildFile; fileRef = 186B32E11A758E5000A8D4CB /* AppDelegate.swift */; };
		186B32E41A758E5000A8D4CB /* FirstViewController.swift in Sources */ = {isa = PBXBuildFile; fileRef = 186B32E31A758E5000A8D4CB /* FirstViewController.swift */; };
		186B32E61A758E5000A8D4CB /* SecondViewController.swift in Sources */ = {isa = PBXBuildFile; fileRef = 186B32E51A758E5000A8D4CB /* SecondViewController.swift */; };
		186B32E91A758E5000A8D4CB /* Main.storyboard in Resources */ = {isa = PBXBuildFile; fileRef = 186B32E71A758E5000A8D4CB /* Main.storyboard */; };
		186B32EB1A758E5000A8D4CB /* Images.xcassets in Resources */ = {isa = PBXBuildFile; fileRef = 186B32EA1A758E5000A8D4CB /* Images.xcassets */; };
		186B32EE1A758E5000A8D4CB /* LaunchScreen.xib in Resources */ = {isa = PBXBuildFile; fileRef = 186B32EC1A758E5000A8D4CB /* LaunchScreen.xib */; };
		186B32FA1A758E5000A8D4CB /* SquirelListTests.swift in Sources */ = {isa = PBXBuildFile; fileRef = 186B32F91A758E5000A8D4CB /* SquirelListTests.swift */; };
		186B33051A758EB400A8D4CB /* Bolts.framework in Frameworks */ = {isa = PBXBuildFile; fileRef = 186B33031A758EB400A8D4CB /* Bolts.framework */; };
		186B33061A758EB400A8D4CB /* Parse.framework in Frameworks */ = {isa = PBXBuildFile; fileRef = 186B33041A758EB400A8D4CB /* Parse.framework */; };
		186B33081A758F7E00A8D4CB /* AudioToolbox.framework in Frameworks */ = {isa = PBXBuildFile; fileRef = 186B33071A758F7E00A8D4CB /* AudioToolbox.framework */; };
		186B330A1A758F8800A8D4CB /* CFNetwork.framework in Frameworks */ = {isa = PBXBuildFile; fileRef = 186B33091A758F8800A8D4CB /* CFNetwork.framework */; };
		186B330C1A758F9300A8D4CB /* CoreGraphics.framework in Frameworks */ = {isa = PBXBuildFile; fileRef = 186B330B1A758F9300A8D4CB /* CoreGraphics.framework */; };
		186B330E1A758F9E00A8D4CB /* CoreLocation.framework in Frameworks */ = {isa = PBXBuildFile; fileRef = 186B330D1A758F9E00A8D4CB /* CoreLocation.framework */; };
		186B33101A758FA800A8D4CB /* MobileCoreServices.framework in Frameworks */ = {isa = PBXBuildFile; fileRef = 186B330F1A758FA800A8D4CB /* MobileCoreServices.framework */; };
		186B33121A758FB100A8D4CB /* QuartzCore.framework in Frameworks */ = {isa = PBXBuildFile; fileRef = 186B33111A758FB100A8D4CB /* QuartzCore.framework */; };
		186B33141A758FBC00A8D4CB /* Security.framework in Frameworks */ = {isa = PBXBuildFile; fileRef = 186B33131A758FBC00A8D4CB /* Security.framework */; };
		186B33161A758FC600A8D4CB /* StoreKit.framework in Frameworks */ = {isa = PBXBuildFile; fileRef = 186B33151A758FC600A8D4CB /* StoreKit.framework */; };
		186B33181A758FCF00A8D4CB /* SystemConfiguration.framework in Frameworks */ = {isa = PBXBuildFile; fileRef = 186B33171A758FCF00A8D4CB /* SystemConfiguration.framework */; };
		186B331A1A758FDA00A8D4CB /* libz.dylib in Frameworks */ = {isa = PBXBuildFile; fileRef = 186B33191A758FDA00A8D4CB /* libz.dylib */; };
		186B331C1A758FE500A8D4CB /* libsqlite3.dylib in Frameworks */ = {isa = PBXBuildFile; fileRef = 186B331B1A758FE500A8D4CB /* libsqlite3.dylib */; };
		186B33211A75AE7600A8D4CB /* RegisterLoginViewController.swift in Sources */ = {isa = PBXBuildFile; fileRef = 186B33201A75AE7600A8D4CB /* RegisterLoginViewController.swift */; };
		18A42FCC1A855B7E00453C65 /* ChatViewController.swift in Sources */ = {isa = PBXBuildFile; fileRef = 18A42FCB1A855B7E00453C65 /* ChatViewController.swift */; };
		18E4FEFE1A78C77F001E7028 /* HomeTabViewController.swift in Sources */ = {isa = PBXBuildFile; fileRef = 18E4FEFD1A78C77F001E7028 /* HomeTabViewController.swift */; };
/* End PBXBuildFile section */

/* Begin PBXContainerItemProxy section */
		186B32F41A758E5000A8D4CB /* PBXContainerItemProxy */ = {
			isa = PBXContainerItemProxy;
			containerPortal = 186B32D41A758E5000A8D4CB /* Project object */;
			proxyType = 1;
			remoteGlobalIDString = 186B32DB1A758E5000A8D4CB;
			remoteInfo = SquirelList;
		};
/* End PBXContainerItemProxy section */

/* Begin PBXFileReference section */
		181B7C001A81CD25004E83E6 /* SquirelList.app */ = {isa = PBXFileReference; explicitFileType = wrapper.application; includeInIndex = 0; path = SquirelList.app; sourceTree = BUILT_PRODUCTS_DIR; };
		181B7C011A81CD25004E83E6 /* SquirelListTests.xctest */ = {isa = PBXFileReference; explicitFileType = wrapper.cfbundle; includeInIndex = 0; path = SquirelListTests.xctest; sourceTree = BUILT_PRODUCTS_DIR; };
		181B7C021A834379004E83E6 /* AddSquirrelViewController.swift */ = {isa = PBXFileReference; fileEncoding = 4; lastKnownFileType = sourcecode.swift; path = AddSquirrelViewController.swift; sourceTree = "<group>"; };
		186B32E01A758E5000A8D4CB /* Info.plist */ = {isa = PBXFileReference; lastKnownFileType = text.plist.xml; path = Info.plist; sourceTree = "<group>"; };
		186B32E11A758E5000A8D4CB /* AppDelegate.swift */ = {isa = PBXFileReference; lastKnownFileType = sourcecode.swift; path = AppDelegate.swift; sourceTree = "<group>"; };
		186B32E31A758E5000A8D4CB /* FirstViewController.swift */ = {isa = PBXFileReference; lastKnownFileType = sourcecode.swift; path = FirstViewController.swift; sourceTree = "<group>"; };
		186B32E51A758E5000A8D4CB /* SecondViewController.swift */ = {isa = PBXFileReference; lastKnownFileType = sourcecode.swift; path = SecondViewController.swift; sourceTree = "<group>"; };
		186B32E81A758E5000A8D4CB /* Base */ = {isa = PBXFileReference; lastKnownFileType = file.storyboard; name = Base; path = Base.lproj/Main.storyboard; sourceTree = "<group>"; };
		186B32EA1A758E5000A8D4CB /* Images.xcassets */ = {isa = PBXFileReference; lastKnownFileType = folder.assetcatalog; path = Images.xcassets; sourceTree = "<group>"; };
		186B32ED1A758E5000A8D4CB /* Base */ = {isa = PBXFileReference; lastKnownFileType = file.xib; name = Base; path = Base.lproj/LaunchScreen.xib; sourceTree = "<group>"; };
		186B32F81A758E5000A8D4CB /* Info.plist */ = {isa = PBXFileReference; lastKnownFileType = text.plist.xml; path = Info.plist; sourceTree = "<group>"; };
		186B32F91A758E5000A8D4CB /* SquirelListTests.swift */ = {isa = PBXFileReference; lastKnownFileType = sourcecode.swift; path = SquirelListTests.swift; sourceTree = "<group>"; };
		186B33031A758EB400A8D4CB /* Bolts.framework */ = {isa = PBXFileReference; lastKnownFileType = wrapper.framework; path = Bolts.framework; sourceTree = "<group>"; };
		186B33041A758EB400A8D4CB /* Parse.framework */ = {isa = PBXFileReference; lastKnownFileType = wrapper.framework; path = Parse.framework; sourceTree = "<group>"; };
		186B33071A758F7E00A8D4CB /* AudioToolbox.framework */ = {isa = PBXFileReference; lastKnownFileType = wrapper.framework; name = AudioToolbox.framework; path = System/Library/Frameworks/AudioToolbox.framework; sourceTree = SDKROOT; };
		186B33091A758F8800A8D4CB /* CFNetwork.framework */ = {isa = PBXFileReference; lastKnownFileType = wrapper.framework; name = CFNetwork.framework; path = System/Library/Frameworks/CFNetwork.framework; sourceTree = SDKROOT; };
		186B330B1A758F9300A8D4CB /* CoreGraphics.framework */ = {isa = PBXFileReference; lastKnownFileType = wrapper.framework; name = CoreGraphics.framework; path = System/Library/Frameworks/CoreGraphics.framework; sourceTree = SDKROOT; };
		186B330D1A758F9E00A8D4CB /* CoreLocation.framework */ = {isa = PBXFileReference; lastKnownFileType = wrapper.framework; name = CoreLocation.framework; path = System/Library/Frameworks/CoreLocation.framework; sourceTree = SDKROOT; };
		186B330F1A758FA800A8D4CB /* MobileCoreServices.framework */ = {isa = PBXFileReference; lastKnownFileType = wrapper.framework; name = MobileCoreServices.framework; path = System/Library/Frameworks/MobileCoreServices.framework; sourceTree = SDKROOT; };
		186B33111A758FB100A8D4CB /* QuartzCore.framework */ = {isa = PBXFileReference; lastKnownFileType = wrapper.framework; name = QuartzCore.framework; path = System/Library/Frameworks/QuartzCore.framework; sourceTree = SDKROOT; };
		186B33131A758FBC00A8D4CB /* Security.framework */ = {isa = PBXFileReference; lastKnownFileType = wrapper.framework; name = Security.framework; path = System/Library/Frameworks/Security.framework; sourceTree = SDKROOT; };
		186B33151A758FC600A8D4CB /* StoreKit.framework */ = {isa = PBXFileReference; lastKnownFileType = wrapper.framework; name = StoreKit.framework; path = System/Library/Frameworks/StoreKit.framework; sourceTree = SDKROOT; };
		186B33171A758FCF00A8D4CB /* SystemConfiguration.framework */ = {isa = PBXFileReference; lastKnownFileType = wrapper.framework; name = SystemConfiguration.framework; path = System/Library/Frameworks/SystemConfiguration.framework; sourceTree = SDKROOT; };
		186B33191A758FDA00A8D4CB /* libz.dylib */ = {isa = PBXFileReference; lastKnownFileType = "compiled.mach-o.dylib"; name = libz.dylib; path = usr/lib/libz.dylib; sourceTree = SDKROOT; };
		186B331B1A758FE500A8D4CB /* libsqlite3.dylib */ = {isa = PBXFileReference; lastKnownFileType = "compiled.mach-o.dylib"; name = libsqlite3.dylib; path = usr/lib/libsqlite3.dylib; sourceTree = SDKROOT; };
		186B331D1A75908400A8D4CB /* SquirelList-Bridging-Header.h */ = {isa = PBXFileReference; lastKnownFileType = sourcecode.c.h; path = "SquirelList-Bridging-Header.h"; sourceTree = "<group>"; };
		186B33201A75AE7600A8D4CB /* RegisterLoginViewController.swift */ = {isa = PBXFileReference; fileEncoding = 4; lastKnownFileType = sourcecode.swift; path = RegisterLoginViewController.swift; sourceTree = "<group>"; };
		18A42FCB1A855B7E00453C65 /* ChatViewController.swift */ = {isa = PBXFileReference; fileEncoding = 4; lastKnownFileType = sourcecode.swift; name = ChatViewController.swift; path = ../../../../Programming/Swift/SquirelList/SquirelList/ChatViewController.swift; sourceTree = "<group>"; };
		18E4FEFD1A78C77F001E7028 /* HomeTabViewController.swift */ = {isa = PBXFileReference; fileEncoding = 4; lastKnownFileType = sourcecode.swift; path = HomeTabViewController.swift; sourceTree = "<group>"; };
/* End PBXFileReference section */

/* Begin PBXFrameworksBuildPhase section */
		186B32D91A758E5000A8D4CB /* Frameworks */ = {
			isa = PBXFrameworksBuildPhase;
			buildActionMask = 2147483647;
			files = (
				186B331C1A758FE500A8D4CB /* libsqlite3.dylib in Frameworks */,
				186B331A1A758FDA00A8D4CB /* libz.dylib in Frameworks */,
				186B33181A758FCF00A8D4CB /* SystemConfiguration.framework in Frameworks */,
				186B33161A758FC600A8D4CB /* StoreKit.framework in Frameworks */,
				186B33141A758FBC00A8D4CB /* Security.framework in Frameworks */,
				186B33121A758FB100A8D4CB /* QuartzCore.framework in Frameworks */,
				186B33101A758FA800A8D4CB /* MobileCoreServices.framework in Frameworks */,
				186B330E1A758F9E00A8D4CB /* CoreLocation.framework in Frameworks */,
				186B330C1A758F9300A8D4CB /* CoreGraphics.framework in Frameworks */,
				186B330A1A758F8800A8D4CB /* CFNetwork.framework in Frameworks */,
				186B33081A758F7E00A8D4CB /* AudioToolbox.framework in Frameworks */,
				186B33061A758EB400A8D4CB /* Parse.framework in Frameworks */,
				186B33051A758EB400A8D4CB /* Bolts.framework in Frameworks */,
			);
			runOnlyForDeploymentPostprocessing = 0;
		};
		186B32F01A758E5000A8D4CB /* Frameworks */ = {
			isa = PBXFrameworksBuildPhase;
			buildActionMask = 2147483647;
			files = (
			);
			runOnlyForDeploymentPostprocessing = 0;
		};
/* End PBXFrameworksBuildPhase section */

/* Begin PBXGroup section */
		186B32D31A758E5000A8D4CB = {
			isa = PBXGroup;
			children = (
				186B32DE1A758E5000A8D4CB /* SquirelList */,
				186B32F61A758E5000A8D4CB /* SquirelListTests */,
				181B7C001A81CD25004E83E6 /* SquirelList.app */,
				181B7C011A81CD25004E83E6 /* SquirelListTests.xctest */,
			);
			sourceTree = "<group>";
		};
		186B32DE1A758E5000A8D4CB /* SquirelList */ = {
			isa = PBXGroup;
			children = (
				186B331D1A75908400A8D4CB /* SquirelList-Bridging-Header.h */,
				186B32E11A758E5000A8D4CB /* AppDelegate.swift */,
				186B32E31A758E5000A8D4CB /* FirstViewController.swift */,
				186B32E51A758E5000A8D4CB /* SecondViewController.swift */,
				186B32EA1A758E5000A8D4CB /* Images.xcassets */,
				186B32EC1A758E5000A8D4CB /* LaunchScreen.xib */,
				186B32E71A758E5000A8D4CB /* Main.storyboard */,
				18A42FCB1A855B7E00453C65 /* ChatViewController.swift */,
				181B7C021A834379004E83E6 /* AddSquirrelViewController.swift */,
				18E4FEFD1A78C77F001E7028 /* HomeTabViewController.swift */,
				186B33201A75AE7600A8D4CB /* RegisterLoginViewController.swift */,
				186B32DF1A758E5000A8D4CB /* Supporting Files */,
			);
			path = SquirelList;
			sourceTree = "<group>";
		};
		186B32DF1A758E5000A8D4CB /* Supporting Files */ = {
			isa = PBXGroup;
			children = (
				186B331B1A758FE500A8D4CB /* libsqlite3.dylib */,
				186B33191A758FDA00A8D4CB /* libz.dylib */,
				186B33171A758FCF00A8D4CB /* SystemConfiguration.framework */,
				186B33151A758FC600A8D4CB /* StoreKit.framework */,
				186B33131A758FBC00A8D4CB /* Security.framework */,
				186B33111A758FB100A8D4CB /* QuartzCore.framework */,
				186B330F1A758FA800A8D4CB /* MobileCoreServices.framework */,
				186B330D1A758F9E00A8D4CB /* CoreLocation.framework */,
				186B330B1A758F9300A8D4CB /* CoreGraphics.framework */,
				186B33091A758F8800A8D4CB /* CFNetwork.framework */,
				186B33071A758F7E00A8D4CB /* AudioToolbox.framework */,
				186B33031A758EB400A8D4CB /* Bolts.framework */,
				186B33041A758EB400A8D4CB /* Parse.framework */,
				186B32E01A758E5000A8D4CB /* Info.plist */,
			);
			name = "Supporting Files";
			sourceTree = "<group>";
		};
		186B32F61A758E5000A8D4CB /* SquirelListTests */ = {
			isa = PBXGroup;
			children = (
				186B32F91A758E5000A8D4CB /* SquirelListTests.swift */,
				186B32F71A758E5000A8D4CB /* Supporting Files */,
			);
			path = SquirelListTests;
			sourceTree = "<group>";
		};
		186B32F71A758E5000A8D4CB /* Supporting Files */ = {
			isa = PBXGroup;
			children = (
				186B32F81A758E5000A8D4CB /* Info.plist */,
			);
			name = "Supporting Files";
			sourceTree = "<group>";
		};
/* End PBXGroup section */

/* Begin PBXNativeTarget section */
		186B32DB1A758E5000A8D4CB /* SquirelList */ = {
			isa = PBXNativeTarget;
			buildConfigurationList = 186B32FD1A758E5000A8D4CB /* Build configuration list for PBXNativeTarget "SquirelList" */;
			buildPhases = (
				186B32D81A758E5000A8D4CB /* Sources */,
				186B32D91A758E5000A8D4CB /* Frameworks */,
				186B32DA1A758E5000A8D4CB /* Resources */,
			);
			buildRules = (
			);
			dependencies = (
			);
			name = SquirelList;
			productName = SquirelList;
			productReference = 181B7C001A81CD25004E83E6 /* SquirelList.app */;
			productType = "com.apple.product-type.application";
		};
		186B32F21A758E5000A8D4CB /* SquirelListTests */ = {
			isa = PBXNativeTarget;
			buildConfigurationList = 186B33001A758E5000A8D4CB /* Build configuration list for PBXNativeTarget "SquirelListTests" */;
			buildPhases = (
				186B32EF1A758E5000A8D4CB /* Sources */,
				186B32F01A758E5000A8D4CB /* Frameworks */,
				186B32F11A758E5000A8D4CB /* Resources */,
			);
			buildRules = (
			);
			dependencies = (
				186B32F51A758E5000A8D4CB /* PBXTargetDependency */,
			);
			name = SquirelListTests;
			productName = SquirelListTests;
			productReference = 181B7C011A81CD25004E83E6 /* SquirelListTests.xctest */;
			productType = "com.apple.product-type.bundle.unit-test";
		};
/* End PBXNativeTarget section */

/* Begin PBXProject section */
		186B32D41A758E5000A8D4CB /* Project object */ = {
			isa = PBXProject;
			attributes = {
				LastUpgradeCheck = 0610;
				ORGANIZATIONNAME = "Frenvu Inc.";
				TargetAttributes = {
					186B32DB1A758E5000A8D4CB = {
						CreatedOnToolsVersion = 6.1.1;
					};
					186B32F21A758E5000A8D4CB = {
						CreatedOnToolsVersion = 6.1.1;
						TestTargetID = 186B32DB1A758E5000A8D4CB;
					};
				};
			};
			buildConfigurationList = 186B32D71A758E5000A8D4CB /* Build configuration list for PBXProject "SquirelList" */;
			compatibilityVersion = "Xcode 3.2";
			developmentRegion = English;
			hasScannedForEncodings = 0;
			knownRegions = (
				en,
				Base,
			);
			mainGroup = 186B32D31A758E5000A8D4CB;
			productRefGroup = 186B32D31A758E5000A8D4CB;
			projectDirPath = "";
			projectRoot = "";
			targets = (
				186B32DB1A758E5000A8D4CB /* SquirelList */,
				186B32F21A758E5000A8D4CB /* SquirelListTests */,
			);
		};
/* End PBXProject section */

/* Begin PBXResourcesBuildPhase section */
		186B32DA1A758E5000A8D4CB /* Resources */ = {
			isa = PBXResourcesBuildPhase;
			buildActionMask = 2147483647;
			files = (
				186B32E91A758E5000A8D4CB /* Main.storyboard in Resources */,
				186B32EE1A758E5000A8D4CB /* LaunchScreen.xib in Resources */,
				186B32EB1A758E5000A8D4CB /* Images.xcassets in Resources */,
			);
			runOnlyForDeploymentPostprocessing = 0;
		};
		186B32F11A758E5000A8D4CB /* Resources */ = {
			isa = PBXResourcesBuildPhase;
			buildActionMask = 2147483647;
			files = (
			);
			runOnlyForDeploymentPostprocessing = 0;
		};
/* End PBXResourcesBuildPhase section */

/* Begin PBXSourcesBuildPhase section */
		186B32D81A758E5000A8D4CB /* Sources */ = {
			isa = PBXSourcesBuildPhase;
			buildActionMask = 2147483647;
			files = (
				18E4FEFE1A78C77F001E7028 /* HomeTabViewController.swift in Sources */,
				186B32E61A758E5000A8D4CB /* SecondViewController.swift in Sources */,
				186B32E21A758E5000A8D4CB /* AppDelegate.swift in Sources */,
				18A42FCC1A855B7E00453C65 /* ChatViewController.swift in Sources */,
				186B32E41A758E5000A8D4CB /* FirstViewController.swift in Sources */,
				186B33211A75AE7600A8D4CB /* RegisterLoginViewController.swift in Sources */,
				181B7C031A834379004E83E6 /* AddSquirrelViewController.swift in Sources */,
			);
			runOnlyForDeploymentPostprocessing = 0;
		};
		186B32EF1A758E5000A8D4CB /* Sources */ = {
			isa = PBXSourcesBuildPhase;
			buildActionMask = 2147483647;
			files = (
				186B32FA1A758E5000A8D4CB /* SquirelListTests.swift in Sources */,
			);
			runOnlyForDeploymentPostprocessing = 0;
		};
/* End PBXSourcesBuildPhase section */

/* Begin PBXTargetDependency section */
		186B32F51A758E5000A8D4CB /* PBXTargetDependency */ = {
			isa = PBXTargetDependency;
			target = 186B32DB1A758E5000A8D4CB /* SquirelList */;
			targetProxy = 186B32F41A758E5000A8D4CB /* PBXContainerItemProxy */;
		};
/* End PBXTargetDependency section */

/* Begin PBXVariantGroup section */
		186B32E71A758E5000A8D4CB /* Main.storyboard */ = {
			isa = PBXVariantGroup;
			children = (
				186B32E81A758E5000A8D4CB /* Base */,
			);
			name = Main.storyboard;
			sourceTree = "<group>";
		};
		186B32EC1A758E5000A8D4CB /* LaunchScreen.xib */ = {
			isa = PBXVariantGroup;
			children = (
				186B32ED1A758E5000A8D4CB /* Base */,
			);
			name = LaunchScreen.xib;
			sourceTree = "<group>";
		};
/* End PBXVariantGroup section */

/* Begin XCBuildConfiguration section */
		186B32FB1A758E5000A8D4CB /* Debug */ = {
			isa = XCBuildConfiguration;
			buildSettings = {
				ALWAYS_SEARCH_USER_PATHS = NO;
				CLANG_CXX_LANGUAGE_STANDARD = "gnu++0x";
				CLANG_CXX_LIBRARY = "libc++";
				CLANG_ENABLE_MODULES = YES;
				CLANG_ENABLE_OBJC_ARC = YES;
				CLANG_WARN_BOOL_CONVERSION = YES;
				CLANG_WARN_CONSTANT_CONVERSION = YES;
				CLANG_WARN_DIRECT_OBJC_ISA_USAGE = YES_ERROR;
				CLANG_WARN_EMPTY_BODY = YES;
				CLANG_WARN_ENUM_CONVERSION = YES;
				CLANG_WARN_INT_CONVERSION = YES;
				CLANG_WARN_OBJC_ROOT_CLASS = YES_ERROR;
				CLANG_WARN_UNREACHABLE_CODE = YES;
				CLANG_WARN__DUPLICATE_METHOD_MATCH = YES;
				"CODE_SIGN_IDENTITY[sdk=iphoneos*]" = "iPhone Developer";
				COPY_PHASE_STRIP = NO;
				ENABLE_STRICT_OBJC_MSGSEND = YES;
				GCC_C_LANGUAGE_STANDARD = gnu99;
				GCC_DYNAMIC_NO_PIC = NO;
				GCC_OPTIMIZATION_LEVEL = 0;
				GCC_PREPROCESSOR_DEFINITIONS = (
					"DEBUG=1",
					"$(inherited)",
				);
				GCC_SYMBOLS_PRIVATE_EXTERN = NO;
				GCC_WARN_64_TO_32_BIT_CONVERSION = YES;
				GCC_WARN_ABOUT_RETURN_TYPE = YES_ERROR;
				GCC_WARN_UNDECLARED_SELECTOR = YES;
				GCC_WARN_UNINITIALIZED_AUTOS = YES_AGGRESSIVE;
				GCC_WARN_UNUSED_FUNCTION = YES;
				GCC_WARN_UNUSED_VARIABLE = YES;
				IPHONEOS_DEPLOYMENT_TARGET = 8.1;
				MTL_ENABLE_DEBUG_INFO = YES;
				ONLY_ACTIVE_ARCH = YES;
				SDKROOT = iphoneos;
				SWIFT_OPTIMIZATION_LEVEL = "-Onone";
			};
			name = Debug;
		};
		186B32FC1A758E5000A8D4CB /* Release */ = {
			isa = XCBuildConfiguration;
			buildSettings = {
				ALWAYS_SEARCH_USER_PATHS = NO;
				CLANG_CXX_LANGUAGE_STANDARD = "gnu++0x";
				CLANG_CXX_LIBRARY = "libc++";
				CLANG_ENABLE_MODULES = YES;
				CLANG_ENABLE_OBJC_ARC = YES;
				CLANG_WARN_BOOL_CONVERSION = YES;
				CLANG_WARN_CONSTANT_CONVERSION = YES;
				CLANG_WARN_DIRECT_OBJC_ISA_USAGE = YES_ERROR;
				CLANG_WARN_EMPTY_BODY = YES;
				CLANG_WARN_ENUM_CONVERSION = YES;
				CLANG_WARN_INT_CONVERSION = YES;
				CLANG_WARN_OBJC_ROOT_CLASS = YES_ERROR;
				CLANG_WARN_UNREACHABLE_CODE = YES;
				CLANG_WARN__DUPLICATE_METHOD_MATCH = YES;
				"CODE_SIGN_IDENTITY[sdk=iphoneos*]" = "iPhone Developer";
				COPY_PHASE_STRIP = YES;
				ENABLE_NS_ASSERTIONS = NO;
				ENABLE_STRICT_OBJC_MSGSEND = YES;
				GCC_C_LANGUAGE_STANDARD = gnu99;
				GCC_WARN_64_TO_32_BIT_CONVERSION = YES;
				GCC_WARN_ABOUT_RETURN_TYPE = YES_ERROR;
				GCC_WARN_UNDECLARED_SELECTOR = YES;
				GCC_WARN_UNINITIALIZED_AUTOS = YES_AGGRESSIVE;
				GCC_WARN_UNUSED_FUNCTION = YES;
				GCC_WARN_UNUSED_VARIABLE = YES;
				IPHONEOS_DEPLOYMENT_TARGET = 8.1;
				MTL_ENABLE_DEBUG_INFO = NO;
				SDKROOT = iphoneos;
				VALIDATE_PRODUCT = YES;
			};
			name = Release;
		};
		186B32FE1A758E5000A8D4CB /* Debug */ = {
			isa = XCBuildConfiguration;
			buildSettings = {
				ASSETCATALOG_COMPILER_APPICON_NAME = AppIcon;
				CLANG_ENABLE_MODULES = YES;
				FRAMEWORK_SEARCH_PATHS = (
					"$(inherited)",
					"$(PROJECT_DIR)/SquirelList",
				);
				INFOPLIST_FILE = SquirelList/Info.plist;
				LD_RUNPATH_SEARCH_PATHS = "$(inherited) @executable_path/Frameworks";
				PRODUCT_NAME = "$(TARGET_NAME)";
				SWIFT_OBJC_BRIDGING_HEADER = "SquirelList/SquirelList-Bridging-Header.h";
				SWIFT_OPTIMIZATION_LEVEL = "-Onone";
			};
			name = Debug;
		};
		186B32FF1A758E5000A8D4CB /* Release */ = {
			isa = XCBuildConfiguration;
			buildSettings = {
				ASSETCATALOG_COMPILER_APPICON_NAME = AppIcon;
				CLANG_ENABLE_MODULES = YES;
				FRAMEWORK_SEARCH_PATHS = (
					"$(inherited)",
					"$(PROJECT_DIR)/SquirelList",
				);
				INFOPLIST_FILE = SquirelList/Info.plist;
				LD_RUNPATH_SEARCH_PATHS = "$(inherited) @executable_path/Frameworks";
				PRODUCT_NAME = "$(TARGET_NAME)";
				SWIFT_OBJC_BRIDGING_HEADER = "SquirelList/SquirelList-Bridging-Header.h";
			};
			name = Release;
		};
		186B33011A758E5000A8D4CB /* Debug */ = {
			isa = XCBuildConfiguration;
			buildSettings = {
				BUNDLE_LOADER = "$(TEST_HOST)";
				FRAMEWORK_SEARCH_PATHS = (
					"$(SDKROOT)/Developer/Library/Frameworks",
					"$(inherited)",
				);
				GCC_PREPROCESSOR_DEFINITIONS = (
					"DEBUG=1",
					"$(inherited)",
				);
				INFOPLIST_FILE = SquirelListTests/Info.plist;
				LD_RUNPATH_SEARCH_PATHS = "$(inherited) @executable_path/Frameworks @loader_path/Frameworks";
				PRODUCT_NAME = "$(TARGET_NAME)";
				TEST_HOST = "$(BUILT_PRODUCTS_DIR)/SquirelList.app/SquirelList";
			};
			name = Debug;
		};
		186B33021A758E5000A8D4CB /* Release */ = {
			isa = XCBuildConfiguration;
			buildSettings = {
				BUNDLE_LOADER = "$(TEST_HOST)";
				FRAMEWORK_SEARCH_PATHS = (
					"$(SDKROOT)/Developer/Library/Frameworks",
					"$(inherited)",
				);
				INFOPLIST_FILE = SquirelListTests/Info.plist;
				LD_RUNPATH_SEARCH_PATHS = "$(inherited) @executable_path/Frameworks @loader_path/Frameworks";
				PRODUCT_NAME = "$(TARGET_NAME)";
				TEST_HOST = "$(BUILT_PRODUCTS_DIR)/SquirelList.app/SquirelList";
			};
			name = Release;
		};
/* End XCBuildConfiguration section */

/* Begin XCConfigurationList section */
		186B32D71A758E5000A8D4CB /* Build configuration list for PBXProject "SquirelList" */ = {
			isa = XCConfigurationList;
			buildConfigurations = (
				186B32FB1A758E5000A8D4CB /* Debug */,
				186B32FC1A758E5000A8D4CB /* Release */,
			);
			defaultConfigurationIsVisible = 0;
			defaultConfigurationName = Release;
		};
		186B32FD1A758E5000A8D4CB /* Build configuration list for PBXNativeTarget "SquirelList" */ = {
			isa = XCConfigurationList;
			buildConfigurations = (
				186B32FE1A758E5000A8D4CB /* Debug */,
				186B32FF1A758E5000A8D4CB /* Release */,
			);
			defaultConfigurationIsVisible = 0;
			defaultConfigurationName = Release;
		};
		186B33001A758E5000A8D4CB /* Build configuration list for PBXNativeTarget "SquirelListTests" */ = {
			isa = XCConfigurationList;
			buildConfigurations = (
				186B33011A758E5000A8D4CB /* Debug */,
				186B33021A758E5000A8D4CB /* Release */,
			);
			defaultConfigurationIsVisible = 0;
			defaultConfigurationName = Release;
		};
/* End XCConfigurationList section */
	};
	rootObject = 186B32D41A758E5000A8D4CB /* Project object */;
}
